
Microsoft Visual Studio Solution File, Format Version 12.00
# Visual Studio Version 17
VisualStudioVersion = 17.0.31903.59
MinimumVisualStudioVersion = 10.0.40219.1
Project("{FAE04EC0-301F-11D3-BF4B-00C04F79EFBC}") = "nba_prediction_meme", "nba_prediction_meme.csproj", "{0339FD9B-E256-4822-8496-9C5C7C4C0D64}"
EndProject
Global
	GlobalSection(SolutionConfigurationPlatforms) = preSolution
		Debug|Any CPU = Debug|Any CPU
		Release|Any CPU = Release|Any CPU
	EndGlobalSection
	GlobalSection(SolutionProperties) = preSolution
		HideSolutionNode = FALSE
	EndGlobalSection
	GlobalSection(ProjectConfigurationPlatforms) = postSolution
		{0339FD9B-E256-4822-8496-9C5C7C4C0D64}.Debug|Any CPU.ActiveCfg = Debug|Any CPU
		{0339FD9B-E256-4822-8496-9C5C7C4C0D64}.Debug|Any CPU.Build.0 = Debug|Any CPU
		{0339FD9B-E256-4822-8496-9C5C7C4C0D64}.Release|Any CPU.ActiveCfg = Release|Any CPU
		{0339FD9B-E256-4822-8496-9C5C7C4C0D64}.Release|Any CPU.Build.0 = Release|Any CPU
	EndGlobalSection
EndGlobal
